
Microsoft Visual Studio Solution File, Format Version 12.00
# Visual Studio Version 17
VisualStudioVersion = 17.7.34024.191
MinimumVisualStudioVersion = 10.0.40219.1
Project("{FAE04EC0-301F-11D3-BF4B-00C04F79EFBC}") = "db-videogames-query", "db-videogames-query\db-videogames-query.csproj", "{D03999D5-E28F-4286-B06F-A99A5A85AB78}"
EndProject
Global
	GlobalSection(SolutionConfigurationPlatforms) = preSolution
		Debug|Any CPU = Debug|Any CPU
		Release|Any CPU = Release|Any CPU
	EndGlobalSection
	GlobalSection(ProjectConfigurationPlatforms) = postSolution
		{D03999D5-E28F-4286-B06F-A99A5A85AB78}.Debug|Any CPU.ActiveCfg = Debug|Any CPU
		{D03999D5-E28F-4286-B06F-A99A5A85AB78}.Debug|Any CPU.Build.0 = Debug|Any CPU
		{D03999D5-E28F-4286-B06F-A99A5A85AB78}.Release|Any CPU.ActiveCfg = Release|Any CPU
		{D03999D5-E28F-4286-B06F-A99A5A85AB78}.Release|Any CPU.Build.0 = Release|Any CPU
	EndGlobalSection
	GlobalSection(SolutionProperties) = preSolution
		HideSolutionNode = FALSE
	EndGlobalSection
	GlobalSection(ExtensibilityGlobals) = postSolution
		SolutionGuid = {885FAA06-41AB-42BE-82C5-927C4C3174D7}
	EndGlobalSection
EndGlobal
